
Microsoft Visual Studio Solution File, Format Version 12.00
Project("{FAE04EC0-301F-11D3-BF4B-00C04F79EFBC}") = "DomainAvailabilityChecker", "DomainAvailabilityChecker\DomainAvailabilityChecker.csproj", "{DEC7EF31-4F0E-429E-8537-75004243D14C}"
EndProject
Global
	GlobalSection(SolutionConfigurationPlatforms) = preSolution
		Debug|Any CPU = Debug|Any CPU
		Release|Any CPU = Release|Any CPU
	EndGlobalSection
	GlobalSection(ProjectConfigurationPlatforms) = postSolution
		{DEC7EF31-4F0E-429E-8537-75004243D14C}.Debug|Any CPU.ActiveCfg = Debug|Any CPU
		{DEC7EF31-4F0E-429E-8537-75004243D14C}.Debug|Any CPU.Build.0 = Debug|Any CPU
		{DEC7EF31-4F0E-429E-8537-75004243D14C}.Release|Any CPU.ActiveCfg = Release|Any CPU
		{DEC7EF31-4F0E-429E-8537-75004243D14C}.Release|Any CPU.Build.0 = Release|Any CPU
	EndGlobalSection
EndGlobal
